// !$*UTF8*$!
{
	archiveVersion = 1;
	classes = {
	};
	objectVersion = 46;
	objects = {

/* Begin PBXBuildFile section */
		8B238B4418D9C7840018B167 /* Foundation.framework in Frameworks */ = {isa = PBXBuildFile; fileRef = 8B238B4318D9C7840018B167 /* Foundation.framework */; };
		8B238B4618D9C7840018B167 /* CoreGraphics.framework in Frameworks */ = {isa = PBXBuildFile; fileRef = 8B238B4518D9C7840018B167 /* CoreGraphics.framework */; };
		8B238B4818D9C7840018B167 /* UIKit.framework in Frameworks */ = {isa = PBXBuildFile; fileRef = 8B238B4718D9C7840018B167 /* UIKit.framework */; };
		8B238B4E18D9C7840018B167 /* InfoPlist.strings in Resources */ = {isa = PBXBuildFile; fileRef = 8B238B4C18D9C7840018B167 /* InfoPlist.strings */; };
		8B238B5018D9C7840018B167 /* main.m in Sources */ = {isa = PBXBuildFile; fileRef = 8B238B4F18D9C7840018B167 /* main.m */; settings = {COMPILER_FLAGS = "-fno-objc-arc"; }; };
		8B238B5418D9C7840018B167 /* AppDelegate.m in Sources */ = {isa = PBXBuildFile; fileRef = 8B238B5318D9C7840018B167 /* AppDelegate.m */; settings = {COMPILER_FLAGS = "-fno-objc-arc"; }; };
		8B238B5618D9C7840018B167 /* Images.xcassets in Resources */ = {isa = PBXBuildFile; fileRef = 8B238B5518D9C7840018B167 /* Images.xcassets */; };
		8B238B5D18D9C7850018B167 /* XCTest.framework in Frameworks */ = {isa = PBXBuildFile; fileRef = 8B238B5C18D9C7850018B167 /* XCTest.framework */; };
		8B238B5E18D9C7850018B167 /* Foundation.framework in Frameworks */ = {isa = PBXBuildFile; fileRef = 8B238B4318D9C7840018B167 /* Foundation.framework */; };
		8B238B5F18D9C7850018B167 /* UIKit.framework in Frameworks */ = {isa = PBXBuildFile; fileRef = 8B238B4718D9C7840018B167 /* UIKit.framework */; };
		8B238B6718D9C7850018B167 /* InfoPlist.strings in Resources */ = {isa = PBXBuildFile; fileRef = 8B238B6518D9C7850018B167 /* InfoPlist.strings */; };
		8B238B6918D9C7850018B167 /* TestGlobeTests.m in Sources */ = {isa = PBXBuildFile; fileRef = 8B238B6818D9C7850018B167 /* TestGlobeTests.m */; };
		8B238B7418D9C7AA0018B167 /* GlobeViewController.m in Sources */ = {isa = PBXBuildFile; fileRef = 8B238B7318D9C7AA0018B167 /* GlobeViewController.m */; settings = {COMPILER_FLAGS = "-fno-objc-arc"; }; };
		8B238B7918D9CA390018B167 /* EAGLView.m in Sources */ = {isa = PBXBuildFile; fileRef = 8B238B7818D9CA390018B167 /* EAGLView.m */; settings = {COMPILER_FLAGS = "-fno-objc-arc"; }; };
		8B238B8518D9DEE90018B167 /* OpenGLES.framework in Frameworks */ = {isa = PBXBuildFile; fileRef = 8B238B8418D9DEE90018B167 /* OpenGLES.framework */; };
		8B238B8B18D9E1CE0018B167 /* libxml2.2.dylib in Frameworks */ = {isa = PBXBuildFile; fileRef = 8B238B8918D9E1CE0018B167 /* libxml2.2.dylib */; };
		8B238B8C18D9E1CE0018B167 /* libxml2.dylib in Frameworks */ = {isa = PBXBuildFile; fileRef = 8B238B8A18D9E1CE0018B167 /* libxml2.dylib */; };
		8B238B8E18D9E2E60018B167 /* libsqlite3.0.dylib in Frameworks */ = {isa = PBXBuildFile; fileRef = 8B238B8D18D9E2E60018B167 /* libsqlite3.0.dylib */; };
		8B238B9018D9E2F90018B167 /* SystemConfiguration.framework in Frameworks */ = {isa = PBXBuildFile; fileRef = 8B238B8F18D9E2F90018B167 /* SystemConfiguration.framework */; };
		8B238B9218D9E3060018B167 /* QuartzCore.framework in Frameworks */ = {isa = PBXBuildFile; fileRef = 8B238B9118D9E3060018B167 /* QuartzCore.framework */; };
		8B238B9418D9E3300018B167 /* CFNetwork.framework in Frameworks */ = {isa = PBXBuildFile; fileRef = 8B238B9318D9E3300018B167 /* CFNetwork.framework */; };
		8B238B9518D9E34A0018B167 /* EAGLView.h in Sources */ = {isa = PBXBuildFile; fileRef = 8B238B7718D9CA390018B167 /* EAGLView.h */; settings = {COMPILER_FLAGS = "-fno-objc-arc"; }; };
		8B238B9818D9E3F30018B167 /* Aircraft.m in Sources */ = {isa = PBXBuildFile; fileRef = 8B238B9718D9E3F30018B167 /* Aircraft.m */; settings = {COMPILER_FLAGS = "-fno-objc-arc"; }; };
		8B238B9B18D9E4130018B167 /* Flight.m in Sources */ = {isa = PBXBuildFile; fileRef = 8B238B9A18D9E4130018B167 /* Flight.m */; settings = {COMPILER_FLAGS = "-fno-objc-arc"; }; };
		8B238B9E18D9E8450018B167 /* GameViewController.m in Sources */ = {isa = PBXBuildFile; fileRef = 8B238B9D18D9E8450018B167 /* GameViewController.m */; settings = {COMPILER_FLAGS = "-fno-objc-arc"; }; };
		8B238BA118D9EC110018B167 /* CustomAlertView.m in Sources */ = {isa = PBXBuildFile; fileRef = 8B238BA018D9EC110018B167 /* CustomAlertView.m */; };
		8B238BA418D9EC390018B167 /* UIView-AlertAnimations.m in Sources */ = {isa = PBXBuildFile; fileRef = 8B238BA318D9EC390018B167 /* UIView-AlertAnimations.m */; };
		8B238BAB18D9F0A50018B167 /* font.png in Resources */ = {isa = PBXBuildFile; fileRef = 8B238BA518D9F0A50018B167 /* font.png */; };
		8B238BAC18D9F0A50018B167 /* globe_shine_light.png in Resources */ = {isa = PBXBuildFile; fileRef = 8B238BA618D9F0A50018B167 /* globe_shine_light.png */; };
		8B238BAD18D9F0A50018B167 /* globe_shine.png in Resources */ = {isa = PBXBuildFile; fileRef = 8B238BA718D9F0A50018B167 /* globe_shine.png */; };
		8B238BAE18D9F0A50018B167 /* globe.png in Resources */ = {isa = PBXBuildFile; fileRef = 8B238BA818D9F0A50018B167 /* globe.png */; };
		8B238BAF18D9F0A50018B167 /* maingfx.bin in Resources */ = {isa = PBXBuildFile; fileRef = 8B238BA918D9F0A50018B167 /* maingfx.bin */; };
		8B238BB018D9F0A50018B167 /* maingfx.png in Resources */ = {isa = PBXBuildFile; fileRef = 8B238BAA18D9F0A50018B167 /* maingfx.png */; };
		8B238BB218D9F26A0018B167 /* AirportData.plist in Resources */ = {isa = PBXBuildFile; fileRef = 8B238BB118D9F26A0018B167 /* AirportData.plist */; };
		8B238BB518DA09D50018B167 /* AirportDataManager.m in Sources */ = {isa = PBXBuildFile; fileRef = 8B238BB418DA09D50018B167 /* AirportDataManager.m */; settings = {COMPILER_FLAGS = "-fno-objc-arc"; }; };
		8B238BB818DA0A180018B167 /* Airport.m in Sources */ = {isa = PBXBuildFile; fileRef = 8B238BB718DA0A180018B167 /* Airport.m */; settings = {COMPILER_FLAGS = "-fno-objc-arc"; }; };
		8B238BBB18DA0B4D0018B167 /* CoreDataStack.m in Sources */ = {isa = PBXBuildFile; fileRef = 8B238BBA18DA0B4D0018B167 /* CoreDataStack.m */; settings = {COMPILER_FLAGS = "-fno-objc-arc"; }; };
		8B238BBE18DA12320018B167 /* Tweets.xcdatamodeld in Sources */ = {isa = PBXBuildFile; fileRef = 8B238BBC18DA12320018B167 /* Tweets.xcdatamodeld */; };
		8B238BC018DA15BC0018B167 /* AirportDataPrimaryOnly.plist in Resources */ = {isa = PBXBuildFile; fileRef = 8B238BBF18DA15BB0018B167 /* AirportDataPrimaryOnly.plist */; };
		8B83ED9B18DB1165003342FE /* App_infoViewController.m in Sources */ = {isa = PBXBuildFile; fileRef = 8B83ED9918DB1165003342FE /* App_infoViewController.m */; };
		8B83ED9C18DB1165003342FE /* App_infoViewController.xib in Resources */ = {isa = PBXBuildFile; fileRef = 8B83ED9A18DB1165003342FE /* App_infoViewController.xib */; };
		9E42F49E18DB2EA300FF6672 /* GlobeViewController.xib in Resources */ = {isa = PBXBuildFile; fileRef = 9E42F49D18DB2EA300FF6672 /* GlobeViewController.xib */; };
		9E42F4A318DB3B8300FF6672 /* Button.png in Resources */ = {isa = PBXBuildFile; fileRef = 9E42F49F18DB3B8300FF6672 /* Button.png */; };
		9E42F4A418DB3B8300FF6672 /* Default.png in Resources */ = {isa = PBXBuildFile; fileRef = 9E42F4A018DB3B8300FF6672 /* Default.png */; };
		9E42F4A518DB3B8300FF6672 /* Icon.png in Resources */ = {isa = PBXBuildFile; fileRef = 9E42F4A118DB3B8300FF6672 /* Icon.png */; };
		9E42F4A618DB3B8300FF6672 /* globe.png in Resources */ = {isa = PBXBuildFile; fileRef = 9E42F4A218DB3B8300FF6672 /* globe.png */; };
/* End PBXBuildFile section */

/* Begin PBXContainerItemProxy section */
		8B238B6018D9C7850018B167 /* PBXContainerItemProxy */ = {
			isa = PBXContainerItemProxy;
			containerPortal = 8B238B3818D9C7840018B167 /* Project object */;
			proxyType = 1;
			remoteGlobalIDString = 8B238B3F18D9C7840018B167;
			remoteInfo = TestGlobe;
		};
/* End PBXContainerItemProxy section */

/* Begin PBXFileReference section */
		8B238B4018D9C7840018B167 /* TestGlobe.app */ = {isa = PBXFileReference; explicitFileType = wrapper.application; includeInIndex = 0; path = TestGlobe.app; sourceTree = BUILT_PRODUCTS_DIR; };
		8B238B4318D9C7840018B167 /* Foundation.framework */ = {isa = PBXFileReference; lastKnownFileType = wrapper.framework; name = Foundation.framework; path = System/Library/Frameworks/Foundation.framework; sourceTree = SDKROOT; };
		8B238B4518D9C7840018B167 /* CoreGraphics.framework */ = {isa = PBXFileReference; lastKnownFileType = wrapper.framework; name = CoreGraphics.framework; path = System/Library/Frameworks/CoreGraphics.framework; sourceTree = SDKROOT; };
		8B238B4718D9C7840018B167 /* UIKit.framework */ = {isa = PBXFileReference; lastKnownFileType = wrapper.framework; name = UIKit.framework; path = System/Library/Frameworks/UIKit.framework; sourceTree = SDKROOT; };
		8B238B4B18D9C7840018B167 /* TestGlobe-Info.plist */ = {isa = PBXFileReference; lastKnownFileType = text.plist.xml; path = "TestGlobe-Info.plist"; sourceTree = "<group>"; };
		8B238B4D18D9C7840018B167 /* en */ = {isa = PBXFileReference; lastKnownFileType = text.plist.strings; name = en; path = en.lproj/InfoPlist.strings; sourceTree = "<group>"; };
		8B238B4F18D9C7840018B167 /* main.m */ = {isa = PBXFileReference; lastKnownFileType = sourcecode.c.objc; path = main.m; sourceTree = "<group>"; };
		8B238B5118D9C7840018B167 /* TestGlobe-Prefix.pch */ = {isa = PBXFileReference; lastKnownFileType = sourcecode.c.h; path = "TestGlobe-Prefix.pch"; sourceTree = "<group>"; };
		8B238B5218D9C7840018B167 /* AppDelegate.h */ = {isa = PBXFileReference; lastKnownFileType = sourcecode.c.h; path = AppDelegate.h; sourceTree = "<group>"; };
		8B238B5318D9C7840018B167 /* AppDelegate.m */ = {isa = PBXFileReference; lastKnownFileType = sourcecode.c.objc; path = AppDelegate.m; sourceTree = "<group>"; };
		8B238B5518D9C7840018B167 /* Images.xcassets */ = {isa = PBXFileReference; lastKnownFileType = folder.assetcatalog; path = Images.xcassets; sourceTree = "<group>"; };
		8B238B5B18D9C7850018B167 /* TestGlobeTests.xctest */ = {isa = PBXFileReference; explicitFileType = wrapper.cfbundle; includeInIndex = 0; path = TestGlobeTests.xctest; sourceTree = BUILT_PRODUCTS_DIR; };
		8B238B5C18D9C7850018B167 /* XCTest.framework */ = {isa = PBXFileReference; lastKnownFileType = wrapper.framework; name = XCTest.framework; path = Library/Frameworks/XCTest.framework; sourceTree = DEVELOPER_DIR; };
		8B238B6418D9C7850018B167 /* TestGlobeTests-Info.plist */ = {isa = PBXFileReference; lastKnownFileType = text.plist.xml; path = "TestGlobeTests-Info.plist"; sourceTree = "<group>"; };
		8B238B6618D9C7850018B167 /* en */ = {isa = PBXFileReference; lastKnownFileType = text.plist.strings; name = en; path = en.lproj/InfoPlist.strings; sourceTree = "<group>"; };
		8B238B6818D9C7850018B167 /* TestGlobeTests.m */ = {isa = PBXFileReference; lastKnownFileType = sourcecode.c.objc; path = TestGlobeTests.m; sourceTree = "<group>"; };
		8B238B7218D9C7AA0018B167 /* GlobeViewController.h */ = {isa = PBXFileReference; fileEncoding = 4; lastKnownFileType = sourcecode.c.h; name = GlobeViewController.h; path = ../GlobeViewController.h; sourceTree = "<group>"; };
		8B238B7318D9C7AA0018B167 /* GlobeViewController.m */ = {isa = PBXFileReference; fileEncoding = 4; lastKnownFileType = sourcecode.c.objc; name = GlobeViewController.m; path = ../GlobeViewController.m; sourceTree = "<group>"; };
		8B238B7718D9CA390018B167 /* EAGLView.h */ = {isa = PBXFileReference; fileEncoding = 4; lastKnownFileType = sourcecode.c.h; path = EAGLView.h; sourceTree = "<group>"; };
		8B238B7818D9CA390018B167 /* EAGLView.m */ = {isa = PBXFileReference; fileEncoding = 4; lastKnownFileType = sourcecode.c.objc; path = EAGLView.m; sourceTree = "<group>"; };
		8B238B7A18D9CBB40018B167 /* GlobeModel.h */ = {isa = PBXFileReference; fileEncoding = 4; lastKnownFileType = sourcecode.c.h; path = GlobeModel.h; sourceTree = "<group>"; };
		8B238B7B18D9CC320018B167 /* AirportCoords.h */ = {isa = PBXFileReference; fileEncoding = 4; lastKnownFileType = sourcecode.c.h; path = AirportCoords.h; sourceTree = "<group>"; };
		8B238B7C18D9CC550018B167 /* TagGraphicsfont.h */ = {isa = PBXFileReference; fileEncoding = 4; lastKnownFileType = sourcecode.c.h; path = TagGraphicsfont.h; sourceTree = "<group>"; };
		8B238B7D18D9CC550018B167 /* TagGraphicsmaingfx.h */ = {isa = PBXFileReference; fileEncoding = 4; lastKnownFileType = sourcecode.c.h; path = TagGraphicsmaingfx.h; sourceTree = "<group>"; };
		8B238B8418D9DEE90018B167 /* OpenGLES.framework */ = {isa = PBXFileReference; lastKnownFileType = wrapper.framework; name = OpenGLES.framework; path = System/Library/Frameworks/OpenGLES.framework; sourceTree = SDKROOT; };
		8B238B8918D9E1CE0018B167 /* libxml2.2.dylib */ = {isa = PBXFileReference; lastKnownFileType = "compiled.mach-o.dylib"; name = libxml2.2.dylib; path = usr/lib/libxml2.2.dylib; sourceTree = SDKROOT; };
		8B238B8A18D9E1CE0018B167 /* libxml2.dylib */ = {isa = PBXFileReference; lastKnownFileType = "compiled.mach-o.dylib"; name = libxml2.dylib; path = usr/lib/libxml2.dylib; sourceTree = SDKROOT; };
		8B238B8D18D9E2E60018B167 /* libsqlite3.0.dylib */ = {isa = PBXFileReference; lastKnownFileType = "compiled.mach-o.dylib"; name = libsqlite3.0.dylib; path = usr/lib/libsqlite3.0.dylib; sourceTree = SDKROOT; };
		8B238B8F18D9E2F90018B167 /* SystemConfiguration.framework */ = {isa = PBXFileReference; lastKnownFileType = wrapper.framework; name = SystemConfiguration.framework; path = System/Library/Frameworks/SystemConfiguration.framework; sourceTree = SDKROOT; };
		8B238B9118D9E3060018B167 /* QuartzCore.framework */ = {isa = PBXFileReference; lastKnownFileType = wrapper.framework; name = QuartzCore.framework; path = System/Library/Frameworks/QuartzCore.framework; sourceTree = SDKROOT; };
		8B238B9318D9E3300018B167 /* CFNetwork.framework */ = {isa = PBXFileReference; lastKnownFileType = wrapper.framework; name = CFNetwork.framework; path = System/Library/Frameworks/CFNetwork.framework; sourceTree = SDKROOT; };
		8B238B9618D9E3F30018B167 /* Aircraft.h */ = {isa = PBXFileReference; fileEncoding = 4; lastKnownFileType = sourcecode.c.h; path = Aircraft.h; sourceTree = "<group>"; };
		8B238B9718D9E3F30018B167 /* Aircraft.m */ = {isa = PBXFileReference; fileEncoding = 4; lastKnownFileType = sourcecode.c.objc; path = Aircraft.m; sourceTree = "<group>"; };
		8B238B9918D9E4130018B167 /* Flight.h */ = {isa = PBXFileReference; fileEncoding = 4; lastKnownFileType = sourcecode.c.h; path = Flight.h; sourceTree = "<group>"; };
		8B238B9A18D9E4130018B167 /* Flight.m */ = {isa = PBXFileReference; fileEncoding = 4; lastKnownFileType = sourcecode.c.objc; path = Flight.m; sourceTree = "<group>"; };
		8B238B9C18D9E8450018B167 /* GameViewController.h */ = {isa = PBXFileReference; fileEncoding = 4; lastKnownFileType = sourcecode.c.h; path = GameViewController.h; sourceTree = "<group>"; };
		8B238B9D18D9E8450018B167 /* GameViewController.m */ = {isa = PBXFileReference; fileEncoding = 4; lastKnownFileType = sourcecode.c.objc; path = GameViewController.m; sourceTree = "<group>"; };
		8B238B9F18D9EC110018B167 /* CustomAlertView.h */ = {isa = PBXFileReference; fileEncoding = 4; lastKnownFileType = sourcecode.c.h; path = CustomAlertView.h; sourceTree = "<group>"; };
		8B238BA018D9EC110018B167 /* CustomAlertView.m */ = {isa = PBXFileReference; fileEncoding = 4; lastKnownFileType = sourcecode.c.objc; path = CustomAlertView.m; sourceTree = "<group>"; };
		8B238BA218D9EC390018B167 /* UIView-AlertAnimations.h */ = {isa = PBXFileReference; fileEncoding = 4; lastKnownFileType = sourcecode.c.h; path = "UIView-AlertAnimations.h"; sourceTree = "<group>"; };
		8B238BA318D9EC390018B167 /* UIView-AlertAnimations.m */ = {isa = PBXFileReference; fileEncoding = 4; lastKnownFileType = sourcecode.c.objc; path = "UIView-AlertAnimations.m"; sourceTree = "<group>"; };
		8B238BA518D9F0A50018B167 /* font.png */ = {isa = PBXFileReference; lastKnownFileType = image.png; name = font.png; path = Images/font.png; sourceTree = SOURCE_ROOT; };
		8B238BA618D9F0A50018B167 /* globe_shine_light.png */ = {isa = PBXFileReference; lastKnownFileType = image.png; name = globe_shine_light.png; path = Images/globe_shine_light.png; sourceTree = SOURCE_ROOT; };
		8B238BA718D9F0A50018B167 /* globe_shine.png */ = {isa = PBXFileReference; lastKnownFileType = image.png; name = globe_shine.png; path = Images/globe_shine.png; sourceTree = SOURCE_ROOT; };
		8B238BA818D9F0A50018B167 /* globe.png */ = {isa = PBXFileReference; lastKnownFileType = image.png; name = globe.png; path = Images/globe.png; sourceTree = SOURCE_ROOT; };
		8B238BA918D9F0A50018B167 /* maingfx.bin */ = {isa = PBXFileReference; lastKnownFileType = archive.macbinary; name = maingfx.bin; path = Images/maingfx.bin; sourceTree = SOURCE_ROOT; };
		8B238BAA18D9F0A50018B167 /* maingfx.png */ = {isa = PBXFileReference; lastKnownFileType = image.png; name = maingfx.png; path = Images/maingfx.png; sourceTree = SOURCE_ROOT; };
		8B238BB118D9F26A0018B167 /* AirportData.plist */ = {isa = PBXFileReference; fileEncoding = 4; lastKnownFileType = text.plist.xml; path = AirportData.plist; sourceTree = "<group>"; };
		8B238BB318DA09D50018B167 /* AirportDataManager.h */ = {isa = PBXFileReference; fileEncoding = 4; lastKnownFileType = sourcecode.c.h; path = AirportDataManager.h; sourceTree = "<group>"; };
		8B238BB418DA09D50018B167 /* AirportDataManager.m */ = {isa = PBXFileReference; fileEncoding = 4; lastKnownFileType = sourcecode.c.objc; path = AirportDataManager.m; sourceTree = "<group>"; };
		8B238BB618DA0A180018B167 /* Airport.h */ = {isa = PBXFileReference; fileEncoding = 4; lastKnownFileType = sourcecode.c.h; path = Airport.h; sourceTree = "<group>"; };
		8B238BB718DA0A180018B167 /* Airport.m */ = {isa = PBXFileReference; fileEncoding = 4; lastKnownFileType = sourcecode.c.objc; path = Airport.m; sourceTree = "<group>"; };
		8B238BB918DA0B4D0018B167 /* CoreDataStack.h */ = {isa = PBXFileReference; fileEncoding = 4; lastKnownFileType = sourcecode.c.h; path = CoreDataStack.h; sourceTree = "<group>"; };
		8B238BBA18DA0B4D0018B167 /* CoreDataStack.m */ = {isa = PBXFileReference; fileEncoding = 4; lastKnownFileType = sourcecode.c.objc; path = CoreDataStack.m; sourceTree = "<group>"; };
		8B238BBD18DA12320018B167 /* Tweets.xcdatamodel */ = {isa = PBXFileReference; lastKnownFileType = wrapper.xcdatamodel; path = Tweets.xcdatamodel; sourceTree = "<group>"; };
		8B238BBF18DA15BB0018B167 /* AirportDataPrimaryOnly.plist */ = {isa = PBXFileReference; fileEncoding = 4; lastKnownFileType = text.plist.xml; path = AirportDataPrimaryOnly.plist; sourceTree = "<group>"; };
		8B83ED9818DB1165003342FE /* App_infoViewController.h */ = {isa = PBXFileReference; fileEncoding = 4; lastKnownFileType = sourcecode.c.h; path = App_infoViewController.h; sourceTree = "<group>"; };
		8B83ED9918DB1165003342FE /* App_infoViewController.m */ = {isa = PBXFileReference; fileEncoding = 4; lastKnownFileType = sourcecode.c.objc; path = App_infoViewController.m; sourceTree = "<group>"; };
		8B83ED9A18DB1165003342FE /* App_infoViewController.xib */ = {isa = PBXFileReference; fileEncoding = 4; lastKnownFileType = file.xib; path = App_infoViewController.xib; sourceTree = "<group>"; };
		9E42F49D18DB2EA300FF6672 /* GlobeViewController.xib */ = {isa = PBXFileReference; fileEncoding = 4; lastKnownFileType = file.xib; path = GlobeViewController.xib; sourceTree = "<group>"; };
		9E42F49F18DB3B8300FF6672 /* Button.png */ = {isa = PBXFileReference; lastKnownFileType = image.png; path = Button.png; sourceTree = "<group>"; };
		9E42F4A018DB3B8300FF6672 /* Default.png */ = {isa = PBXFileReference; lastKnownFileType = image.png; path = Default.png; sourceTree = "<group>"; };
		9E42F4A118DB3B8300FF6672 /* Icon.png */ = {isa = PBXFileReference; lastKnownFileType = image.png; path = Icon.png; sourceTree = "<group>"; };
		9E42F4A218DB3B8300FF6672 /* globe.png */ = {isa = PBXFileReference; lastKnownFileType = image.png; path = globe.png; sourceTree = "<group>"; };
/* End PBXFileReference section */

/* Begin PBXFrameworksBuildPhase section */
		8B238B3D18D9C7840018B167 /* Frameworks */ = {
			isa = PBXFrameworksBuildPhase;
			buildActionMask = 2147483647;
			files = (
				8B238B9418D9E3300018B167 /* CFNetwork.framework in Frameworks */,
				8B238B9218D9E3060018B167 /* QuartzCore.framework in Frameworks */,
				8B238B9018D9E2F90018B167 /* SystemConfiguration.framework in Frameworks */,
				8B238B8E18D9E2E60018B167 /* libsqlite3.0.dylib in Frameworks */,
				8B238B8B18D9E1CE0018B167 /* libxml2.2.dylib in Frameworks */,
				8B238B8C18D9E1CE0018B167 /* libxml2.dylib in Frameworks */,
				8B238B8518D9DEE90018B167 /* OpenGLES.framework in Frameworks */,
				8B238B4618D9C7840018B167 /* CoreGraphics.framework in Frameworks */,
				8B238B4818D9C7840018B167 /* UIKit.framework in Frameworks */,
				8B238B4418D9C7840018B167 /* Foundation.framework in Frameworks */,
			);
			runOnlyForDeploymentPostprocessing = 0;
		};
		8B238B5818D9C7850018B167 /* Frameworks */ = {
			isa = PBXFrameworksBuildPhase;
			buildActionMask = 2147483647;
			files = (
				8B238B5D18D9C7850018B167 /* XCTest.framework in Frameworks */,
				8B238B5F18D9C7850018B167 /* UIKit.framework in Frameworks */,
				8B238B5E18D9C7850018B167 /* Foundation.framework in Frameworks */,
			);
			runOnlyForDeploymentPostprocessing = 0;
		};
/* End PBXFrameworksBuildPhase section */

/* Begin PBXGroup section */
		8B238B3718D9C7840018B167 = {
			isa = PBXGroup;
			children = (
				8B238BBF18DA15BB0018B167 /* AirportDataPrimaryOnly.plist */,
				8B238BB118D9F26A0018B167 /* AirportData.plist */,
				8B238B4918D9C7840018B167 /* TestGlobe */,
				8B238B6218D9C7850018B167 /* TestGlobeTests */,
				8B238B4218D9C7840018B167 /* Frameworks */,
				8B238B4118D9C7840018B167 /* Products */,
			);
			sourceTree = "<group>";
		};
		8B238B4118D9C7840018B167 /* Products */ = {
			isa = PBXGroup;
			children = (
				8B238B4018D9C7840018B167 /* TestGlobe.app */,
				8B238B5B18D9C7850018B167 /* TestGlobeTests.xctest */,
			);
			name = Products;
			sourceTree = "<group>";
		};
		8B238B4218D9C7840018B167 /* Frameworks */ = {
			isa = PBXGroup;
			children = (
				8B238B9318D9E3300018B167 /* CFNetwork.framework */,
				8B238B9118D9E3060018B167 /* QuartzCore.framework */,
				8B238B8F18D9E2F90018B167 /* SystemConfiguration.framework */,
				8B238B8D18D9E2E60018B167 /* libsqlite3.0.dylib */,
				8B238B8918D9E1CE0018B167 /* libxml2.2.dylib */,
				8B238B8A18D9E1CE0018B167 /* libxml2.dylib */,
				8B238B8418D9DEE90018B167 /* OpenGLES.framework */,
				8B238B4318D9C7840018B167 /* Foundation.framework */,
				8B238B4518D9C7840018B167 /* CoreGraphics.framework */,
				8B238B4718D9C7840018B167 /* UIKit.framework */,
				8B238B5C18D9C7850018B167 /* XCTest.framework */,
			);
			name = Frameworks;
			sourceTree = "<group>";
		};
		8B238B4918D9C7840018B167 /* TestGlobe */ = {
			isa = PBXGroup;
			children = (
				9E42F49F18DB3B8300FF6672 /* Button.png */,
				9E42F4A018DB3B8300FF6672 /* Default.png */,
				9E42F4A118DB3B8300FF6672 /* Icon.png */,
				9E42F4A218DB3B8300FF6672 /* globe.png */,
				8B238BBC18DA12320018B167 /* Tweets.xcdatamodeld */,
				8B238BB918DA0B4D0018B167 /* CoreDataStack.h */,
				8B238BBA18DA0B4D0018B167 /* CoreDataStack.m */,
				8B238BB618DA0A180018B167 /* Airport.h */,
				8B238BB718DA0A180018B167 /* Airport.m */,
				8B238BB318DA09D50018B167 /* AirportDataManager.h */,
				8B238BB418DA09D50018B167 /* AirportDataManager.m */,
				8B238BA518D9F0A50018B167 /* font.png */,
				8B238BA618D9F0A50018B167 /* globe_shine_light.png */,
				8B238BA718D9F0A50018B167 /* globe_shine.png */,
				8B238BA818D9F0A50018B167 /* globe.png */,
				8B238BA918D9F0A50018B167 /* maingfx.bin */,
				8B238BAA18D9F0A50018B167 /* maingfx.png */,
				8B238BA218D9EC390018B167 /* UIView-AlertAnimations.h */,
				8B238BA318D9EC390018B167 /* UIView-AlertAnimations.m */,
				8B238B9F18D9EC110018B167 /* CustomAlertView.h */,
				8B238BA018D9EC110018B167 /* CustomAlertView.m */,
				8B238B9C18D9E8450018B167 /* GameViewController.h */,
				8B238B9D18D9E8450018B167 /* GameViewController.m */,
				8B238B9918D9E4130018B167 /* Flight.h */,
				8B238B9A18D9E4130018B167 /* Flight.m */,
				8B238B9618D9E3F30018B167 /* Aircraft.h */,
				8B238B9718D9E3F30018B167 /* Aircraft.m */,
				8B238B7718D9CA390018B167 /* EAGLView.h */,
				8B238B7818D9CA390018B167 /* EAGLView.m */,
				8B238B5218D9C7840018B167 /* AppDelegate.h */,
				8B238B5318D9C7840018B167 /* AppDelegate.m */,
				8B238B7218D9C7AA0018B167 /* GlobeViewController.h */,
				8B238B7318D9C7AA0018B167 /* GlobeViewController.m */,
				9E42F49D18DB2EA300FF6672 /* GlobeViewController.xib */,
				8B238B7A18D9CBB40018B167 /* GlobeModel.h */,
				8B238B7B18D9CC320018B167 /* AirportCoords.h */,
				8B238B7C18D9CC550018B167 /* TagGraphicsfont.h */,
				8B238B7D18D9CC550018B167 /* TagGraphicsmaingfx.h */,
				8B83ED9818DB1165003342FE /* App_infoViewController.h */,
				8B83ED9918DB1165003342FE /* App_infoViewController.m */,
				8B83ED9A18DB1165003342FE /* App_infoViewController.xib */,
				8B238B5518D9C7840018B167 /* Images.xcassets */,
				8B238B4A18D9C7840018B167 /* Supporting Files */,
			);
			path = TestGlobe;
			sourceTree = "<group>";
		};
		8B238B4A18D9C7840018B167 /* Supporting Files */ = {
			isa = PBXGroup;
			children = (
				8B238B4B18D9C7840018B167 /* TestGlobe-Info.plist */,
				8B238B4C18D9C7840018B167 /* InfoPlist.strings */,
				8B238B4F18D9C7840018B167 /* main.m */,
				8B238B5118D9C7840018B167 /* TestGlobe-Prefix.pch */,
			);
			name = "Supporting Files";
			sourceTree = "<group>";
		};
		8B238B6218D9C7850018B167 /* TestGlobeTests */ = {
			isa = PBXGroup;
			children = (
				8B238B6818D9C7850018B167 /* TestGlobeTests.m */,
				8B238B6318D9C7850018B167 /* Supporting Files */,
			);
			path = TestGlobeTests;
			sourceTree = "<group>";
		};
		8B238B6318D9C7850018B167 /* Supporting Files */ = {
			isa = PBXGroup;
			children = (
				8B238B6418D9C7850018B167 /* TestGlobeTests-Info.plist */,
				8B238B6518D9C7850018B167 /* InfoPlist.strings */,
			);
			name = "Supporting Files";
			sourceTree = "<group>";
		};
/* End PBXGroup section */

/* Begin PBXNativeTarget section */
		8B238B3F18D9C7840018B167 /* TestGlobe */ = {
			isa = PBXNativeTarget;
			buildConfigurationList = 8B238B6C18D9C7850018B167 /* Build configuration list for PBXNativeTarget "TestGlobe" */;
			buildPhases = (
				8B238B3C18D9C7840018B167 /* Sources */,
				8B238B3D18D9C7840018B167 /* Frameworks */,
				8B238B3E18D9C7840018B167 /* Resources */,
			);
			buildRules = (
			);
			dependencies = (
			);
			name = TestGlobe;
			productName = TestGlobe;
			productReference = 8B238B4018D9C7840018B167 /* TestGlobe.app */;
			productType = "com.apple.product-type.application";
		};
		8B238B5A18D9C7850018B167 /* TestGlobeTests */ = {
			isa = PBXNativeTarget;
			buildConfigurationList = 8B238B6F18D9C7850018B167 /* Build configuration list for PBXNativeTarget "TestGlobeTests" */;
			buildPhases = (
				8B238B5718D9C7850018B167 /* Sources */,
				8B238B5818D9C7850018B167 /* Frameworks */,
				8B238B5918D9C7850018B167 /* Resources */,
			);
			buildRules = (
			);
			dependencies = (
				8B238B6118D9C7850018B167 /* PBXTargetDependency */,
			);
			name = TestGlobeTests;
			productName = TestGlobeTests;
			productReference = 8B238B5B18D9C7850018B167 /* TestGlobeTests.xctest */;
			productType = "com.apple.product-type.bundle.unit-test";
		};
/* End PBXNativeTarget section */

/* Begin PBXProject section */
		8B238B3818D9C7840018B167 /* Project object */ = {
			isa = PBXProject;
			attributes = {
				LastUpgradeCheck = 0510;
				ORGANIZATIONNAME = "___FULLUSERNAME___";
				TargetAttributes = {
					8B238B5A18D9C7850018B167 = {
						TestTargetID = 8B238B3F18D9C7840018B167;
					};
				};
			};
			buildConfigurationList = 8B238B3B18D9C7840018B167 /* Build configuration list for PBXProject "TestGlobe" */;
			compatibilityVersion = "Xcode 3.2";
			developmentRegion = English;
			hasScannedForEncodings = 0;
			knownRegions = (
				en,
			);
			mainGroup = 8B238B3718D9C7840018B167;
			productRefGroup = 8B238B4118D9C7840018B167 /* Products */;
			projectDirPath = "";
			projectRoot = "";
			targets = (
				8B238B3F18D9C7840018B167 /* TestGlobe */,
				8B238B5A18D9C7850018B167 /* TestGlobeTests */,
			);
		};
/* End PBXProject section */

/* Begin PBXResourcesBuildPhase section */
		8B238B3E18D9C7840018B167 /* Resources */ = {
			isa = PBXResourcesBuildPhase;
			buildActionMask = 2147483647;
			files = (
				9E42F49E18DB2EA300FF6672 /* GlobeViewController.xib in Resources */,
				9E42F4A318DB3B8300FF6672 /* Button.png in Resources */,
				8B238BB018D9F0A50018B167 /* maingfx.png in Resources */,
				8B238BB218D9F26A0018B167 /* AirportData.plist in Resources */,
				8B238BAE18D9F0A50018B167 /* globe.png in Resources */,
				9E42F4A618DB3B8300FF6672 /* globe.png in Resources */,
				8B238B4E18D9C7840018B167 /* InfoPlist.strings in Resources */,
				8B238BAC18D9F0A50018B167 /* globe_shine_light.png in Resources */,
				8B238BAF18D9F0A50018B167 /* maingfx.bin in Resources */,
				8B238BAD18D9F0A50018B167 /* globe_shine.png in Resources */,
				8B238BAB18D9F0A50018B167 /* font.png in Resources */,
				8B238BC018DA15BC0018B167 /* AirportDataPrimaryOnly.plist in Resources */,
				9E42F4A418DB3B8300FF6672 /* Default.png in Resources */,
				9E42F4A518DB3B8300FF6672 /* Icon.png in Resources */,
				8B83ED9C18DB1165003342FE /* App_infoViewController.xib in Resources */,
				8B238B5618D9C7840018B167 /* Images.xcassets in Resources */,
			);
			runOnlyForDeploymentPostprocessing = 0;
		};
		8B238B5918D9C7850018B167 /* Resources */ = {
			isa = PBXResourcesBuildPhase;
			buildActionMask = 2147483647;
			files = (
				8B238B6718D9C7850018B167 /* InfoPlist.strings in Resources */,
			);
			runOnlyForDeploymentPostprocessing = 0;
		};
/* End PBXResourcesBuildPhase section */

/* Begin PBXSourcesBuildPhase section */
		8B238B3C18D9C7840018B167 /* Sources */ = {
			isa = PBXSourcesBuildPhase;
			buildActionMask = 2147483647;
			files = (
				8B238B9518D9E34A0018B167 /* EAGLView.h in Sources */,
				8B238B9E18D9E8450018B167 /* GameViewController.m in Sources */,
				8B238BBB18DA0B4D0018B167 /* CoreDataStack.m in Sources */,
				8B238BBE18DA12320018B167 /* Tweets.xcdatamodeld in Sources */,
				8B238B5418D9C7840018B167 /* AppDelegate.m in Sources */,
				8B238BA418D9EC390018B167 /* UIView-AlertAnimations.m in Sources */,
				8B238B7918D9CA390018B167 /* EAGLView.m in Sources */,
				8B238B9B18D9E4130018B167 /* Flight.m in Sources */,
				8B83ED9B18DB1165003342FE /* App_infoViewController.m in Sources */,
				8B238BA118D9EC110018B167 /* CustomAlertView.m in Sources */,
				8B238B5018D9C7840018B167 /* main.m in Sources */,
				8B238B9818D9E3F30018B167 /* Aircraft.m in Sources */,
				8B238BB818DA0A180018B167 /* Airport.m in Sources */,
				8B238BB518DA09D50018B167 /* AirportDataManager.m in Sources */,
				8B238B7418D9C7AA0018B167 /* GlobeViewController.m in Sources */,
			);
			runOnlyForDeploymentPostprocessing = 0;
		};
		8B238B5718D9C7850018B167 /* Sources */ = {
			isa = PBXSourcesBuildPhase;
			buildActionMask = 2147483647;
			files = (
				8B238B6918D9C7850018B167 /* TestGlobeTests.m in Sources */,
			);
			runOnlyForDeploymentPostprocessing = 0;
		};
/* End PBXSourcesBuildPhase section */

/* Begin PBXTargetDependency section */
		8B238B6118D9C7850018B167 /* PBXTargetDependency */ = {
			isa = PBXTargetDependency;
			target = 8B238B3F18D9C7840018B167 /* TestGlobe */;
			targetProxy = 8B238B6018D9C7850018B167 /* PBXContainerItemProxy */;
		};
/* End PBXTargetDependency section */

/* Begin PBXVariantGroup section */
		8B238B4C18D9C7840018B167 /* InfoPlist.strings */ = {
			isa = PBXVariantGroup;
			children = (
				8B238B4D18D9C7840018B167 /* en */,
			);
			name = InfoPlist.strings;
			sourceTree = "<group>";
		};
		8B238B6518D9C7850018B167 /* InfoPlist.strings */ = {
			isa = PBXVariantGroup;
			children = (
				8B238B6618D9C7850018B167 /* en */,
			);
			name = InfoPlist.strings;
			sourceTree = "<group>";
		};
/* End PBXVariantGroup section */

/* Begin XCBuildConfiguration section */
		8B238B6A18D9C7850018B167 /* Debug */ = {
			isa = XCBuildConfiguration;
			buildSettings = {
				ALWAYS_SEARCH_USER_PATHS = NO;
				CLANG_CXX_LANGUAGE_STANDARD = "gnu++0x";
				CLANG_CXX_LIBRARY = "libc++";
				CLANG_ENABLE_MODULES = YES;
				CLANG_ENABLE_OBJC_ARC = YES;
				CLANG_WARN_BOOL_CONVERSION = YES;
				CLANG_WARN_CONSTANT_CONVERSION = YES;
				CLANG_WARN_DIRECT_OBJC_ISA_USAGE = YES_ERROR;
				CLANG_WARN_EMPTY_BODY = YES;
				CLANG_WARN_ENUM_CONVERSION = YES;
				CLANG_WARN_INT_CONVERSION = YES;
				CLANG_WARN_OBJC_ROOT_CLASS = YES_ERROR;
				CLANG_WARN__DUPLICATE_METHOD_MATCH = YES;
				"CODE_SIGN_IDENTITY[sdk=iphoneos*]" = "iPhone Developer";
				COPY_PHASE_STRIP = NO;
				GCC_C_LANGUAGE_STANDARD = gnu99;
				GCC_DYNAMIC_NO_PIC = NO;
				GCC_OPTIMIZATION_LEVEL = 0;
				GCC_PREPROCESSOR_DEFINITIONS = (
					"DEBUG=1",
					"$(inherited)",
				);
				GCC_SYMBOLS_PRIVATE_EXTERN = NO;
				GCC_WARN_64_TO_32_BIT_CONVERSION = YES;
				GCC_WARN_ABOUT_RETURN_TYPE = YES_ERROR;
				GCC_WARN_UNDECLARED_SELECTOR = YES;
				GCC_WARN_UNINITIALIZED_AUTOS = YES_AGGRESSIVE;
				GCC_WARN_UNUSED_FUNCTION = YES;
				GCC_WARN_UNUSED_VARIABLE = YES;
				IPHONEOS_DEPLOYMENT_TARGET = 7.1;
				ONLY_ACTIVE_ARCH = YES;
				SDKROOT = iphoneos;
			};
			name = Debug;
		};
		8B238B6B18D9C7850018B167 /* Release */ = {
			isa = XCBuildConfiguration;
			buildSettings = {
				ALWAYS_SEARCH_USER_PATHS = NO;
				CLANG_CXX_LANGUAGE_STANDARD = "gnu++0x";
				CLANG_CXX_LIBRARY = "libc++";
				CLANG_ENABLE_MODULES = YES;
				CLANG_ENABLE_OBJC_ARC = YES;
				CLANG_WARN_BOOL_CONVERSION = YES;
				CLANG_WARN_CONSTANT_CONVERSION = YES;
				CLANG_WARN_DIRECT_OBJC_ISA_USAGE = YES_ERROR;
				CLANG_WARN_EMPTY_BODY = YES;
				CLANG_WARN_ENUM_CONVERSION = YES;
				CLANG_WARN_INT_CONVERSION = YES;
				CLANG_WARN_OBJC_ROOT_CLASS = YES_ERROR;
				CLANG_WARN__DUPLICATE_METHOD_MATCH = YES;
				"CODE_SIGN_IDENTITY[sdk=iphoneos*]" = "iPhone Developer";
				COPY_PHASE_STRIP = YES;
				ENABLE_NS_ASSERTIONS = NO;
				GCC_C_LANGUAGE_STANDARD = gnu99;
				GCC_WARN_64_TO_32_BIT_CONVERSION = YES;
				GCC_WARN_ABOUT_RETURN_TYPE = YES_ERROR;
				GCC_WARN_UNDECLARED_SELECTOR = YES;
				GCC_WARN_UNINITIALIZED_AUTOS = YES_AGGRESSIVE;
				GCC_WARN_UNUSED_FUNCTION = YES;
				GCC_WARN_UNUSED_VARIABLE = YES;
				IPHONEOS_DEPLOYMENT_TARGET = 7.1;
				SDKROOT = iphoneos;
				VALIDATE_PRODUCT = YES;
			};
			name = Release;
		};
		8B238B6D18D9C7850018B167 /* Debug */ = {
			isa = XCBuildConfiguration;
			buildSettings = {
				ASSETCATALOG_COMPILER_APPICON_NAME = AppIcon;
				ASSETCATALOG_COMPILER_LAUNCHIMAGE_NAME = LaunchImage;
				"CODE_SIGN_IDENTITY[sdk=iphoneos*]" = "iPhone Developer: sravan jinna (E7KC63JF76)";
				GCC_PRECOMPILE_PREFIX_HEADER = YES;
				GCC_PREFIX_HEADER = "TestGlobe/TestGlobe-Prefix.pch";
				INFOPLIST_FILE = "TestGlobe/TestGlobe-Info.plist";
				IPHONEOS_DEPLOYMENT_TARGET = 6.0;
				PRODUCT_NAME = "$(TARGET_NAME)";
				PROVISIONING_PROFILE = "F4E392E2-EC44-471A-A2FC-547834D051BC";
				WRAPPER_EXTENSION = app;
			};
			name = Debug;
		};
		8B238B6E18D9C7850018B167 /* Release */ = {
			isa = XCBuildConfiguration;
			buildSettings = {
				ASSETCATALOG_COMPILER_APPICON_NAME = AppIcon;
				ASSETCATALOG_COMPILER_LAUNCHIMAGE_NAME = LaunchImage;
				CODE_SIGN_IDENTITY = "iPhone Developer: sravan jinna (E7KC63JF76)";
				"CODE_SIGN_IDENTITY[sdk=iphoneos*]" = "iPhone Developer: sravan jinna (E7KC63JF76)";
				GCC_PRECOMPILE_PREFIX_HEADER = YES;
				GCC_PREFIX_HEADER = "TestGlobe/TestGlobe-Prefix.pch";
				INFOPLIST_FILE = "TestGlobe/TestGlobe-Info.plist";
				IPHONEOS_DEPLOYMENT_TARGET = 6.0;
				PRODUCT_NAME = "$(TARGET_NAME)";
				PROVISIONING_PROFILE = "F4E392E2-EC44-471A-A2FC-547834D051BC";
				WRAPPER_EXTENSION = app;
			};
			name = Release;
		};
		8B238B7018D9C7850018B167 /* Debug */ = {
			isa = XCBuildConfiguration;
			buildSettings = {
				BUNDLE_LOADER = "$(BUILT_PRODUCTS_DIR)/TestGlobe.app/TestGlobe";
				FRAMEWORK_SEARCH_PATHS = (
					"$(SDKROOT)/Developer/Library/Frameworks",
					"$(inherited)",
					"$(DEVELOPER_FRAMEWORKS_DIR)",
				);
				GCC_PRECOMPILE_PREFIX_HEADER = YES;
				GCC_PREFIX_HEADER = "TestGlobe/TestGlobe-Prefix.pch";
				GCC_PREPROCESSOR_DEFINITIONS = (
					"DEBUG=1",
					"$(inherited)",
				);
				INFOPLIST_FILE = "TestGlobeTests/TestGlobeTests-Info.plist";
				PRODUCT_NAME = "$(TARGET_NAME)";
				TEST_HOST = "$(BUNDLE_LOADER)";
				WRAPPER_EXTENSION = xctest;
			};
			name = Debug;
		};
		8B238B7118D9C7850018B167 /* Release */ = {
			isa = XCBuildConfiguration;
			buildSettings = {
				BUNDLE_LOADER = "$(BUILT_PRODUCTS_DIR)/TestGlobe.app/TestGlobe";
				FRAMEWORK_SEARCH_PATHS = (
					"$(SDKROOT)/Developer/Library/Frameworks",
					"$(inherited)",
					"$(DEVELOPER_FRAMEWORKS_DIR)",
				);
				GCC_PRECOMPILE_PREFIX_HEADER = YES;
				GCC_PREFIX_HEADER = "TestGlobe/TestGlobe-Prefix.pch";
				INFOPLIST_FILE = "TestGlobeTests/TestGlobeTests-Info.plist";
				PRODUCT_NAME = "$(TARGET_NAME)";
				TEST_HOST = "$(BUNDLE_LOADER)";
				WRAPPER_EXTENSION = xctest;
			};
			name = Release;
		};
/* End XCBuildConfiguration section */

/* Begin XCConfigurationList section */
		8B238B3B18D9C7840018B167 /* Build configuration list for PBXProject "TestGlobe" */ = {
			isa = XCConfigurationList;
			buildConfigurations = (
				8B238B6A18D9C7850018B167 /* Debug */,
				8B238B6B18D9C7850018B167 /* Release */,
			);
			defaultConfigurationIsVisible = 0;
			defaultConfigurationName = Release;
		};
		8B238B6C18D9C7850018B167 /* Build configuration list for PBXNativeTarget "TestGlobe" */ = {
			isa = XCConfigurationList;
			buildConfigurations = (
				8B238B6D18D9C7850018B167 /* Debug */,
				8B238B6E18D9C7850018B167 /* Release */,
			);
			defaultConfigurationIsVisible = 0;
			defaultConfigurationName = Release;
		};
		8B238B6F18D9C7850018B167 /* Build configuration list for PBXNativeTarget "TestGlobeTests" */ = {
			isa = XCConfigurationList;
			buildConfigurations = (
				8B238B7018D9C7850018B167 /* Debug */,
				8B238B7118D9C7850018B167 /* Release */,
			);
			defaultConfigurationIsVisible = 0;
			defaultConfigurationName = Release;
		};
/* End XCConfigurationList section */

/* Begin XCVersionGroup section */
		8B238BBC18DA12320018B167 /* Tweets.xcdatamodeld */ = {
			isa = XCVersionGroup;
			children = (
				8B238BBD18DA12320018B167 /* Tweets.xcdatamodel */,
			);
			currentVersion = 8B238BBD18DA12320018B167 /* Tweets.xcdatamodel */;
			path = Tweets.xcdatamodeld;
			sourceTree = "<group>";
			versionGroupType = wrapper.xcdatamodel;
		};
/* End XCVersionGroup section */
	};
	rootObject = 8B238B3818D9C7840018B167 /* Project object */;
}
